
Microsoft Visual Studio Solution File, Format Version 12.00
Project("{FAE04EC0-301F-11D3-BF4B-00C04F79EFBC}") = "Core", "Core\Core.csproj", "{A7BC63BE-41D2-4D46-A0E1-3799C20710B7}"
EndProject
Project("{FAE04EC0-301F-11D3-BF4B-00C04F79EFBC}") = "Interpreter", "Interpreter\Interpreter.csproj", "{E37F8508-679D-4870-A724-7386134AF0BD}"
EndProject
Global
	GlobalSection(SolutionConfigurationPlatforms) = preSolution
		Debug|Any CPU = Debug|Any CPU
		Release|Any CPU = Release|Any CPU
	EndGlobalSection
	GlobalSection(ProjectConfigurationPlatforms) = postSolution
		{A7BC63BE-41D2-4D46-A0E1-3799C20710B7}.Debug|Any CPU.ActiveCfg = Debug|Any CPU
		{A7BC63BE-41D2-4D46-A0E1-3799C20710B7}.Debug|Any CPU.Build.0 = Debug|Any CPU
		{A7BC63BE-41D2-4D46-A0E1-3799C20710B7}.Release|Any CPU.ActiveCfg = Release|Any CPU
		{A7BC63BE-41D2-4D46-A0E1-3799C20710B7}.Release|Any CPU.Build.0 = Release|Any CPU
		{E37F8508-679D-4870-A724-7386134AF0BD}.Debug|Any CPU.ActiveCfg = Debug|Any CPU
		{E37F8508-679D-4870-A724-7386134AF0BD}.Debug|Any CPU.Build.0 = Debug|Any CPU
		{E37F8508-679D-4870-A724-7386134AF0BD}.Release|Any CPU.ActiveCfg = Release|Any CPU
		{E37F8508-679D-4870-A724-7386134AF0BD}.Release|Any CPU.Build.0 = Release|Any CPU
	EndGlobalSection
EndGlobal
